// !$*UTF8*$!
{
	archiveVersion = 1;
	classes = {
	};
	objectVersion = 50;
	objects = {

/* Begin PBXBuildFile section */
		0CBC50DB2DCBE58D0002FED7 /* main.cpp in Sources */ = {isa = PBXBuildFile; fileRef = 0CBC50DA2DCBE58D0002FED7 /* main.cpp */; };
/* End PBXBuildFile section */

/* Begin PBXCopyFilesBuildPhase section */
		0CBC50D52DCBE58D0002FED7 /* CopyFiles */ = {
			isa = PBXCopyFilesBuildPhase;
			buildActionMask = 2147483647;
			dstPath = /usr/share/man/man1/;
			dstSubfolderSpec = 0;
			files = (
			);
			runOnlyForDeploymentPostprocessing = 1;
		};
/* End PBXCopyFilesBuildPhase section */

/* Begin PBXFileReference section */
		0CBC50D72DCBE58D0002FED7 /* BLE_tester */ = {isa = PBXFileReference; explicitFileType = "compiled.mach-o.executable"; includeInIndex = 0; path = BLE_tester; sourceTree = BUILT_PRODUCTS_DIR; };
		0CBC50DA2DCBE58D0002FED7 /* main.cpp */ = {isa = PBXFileReference; lastKnownFileType = sourcecode.cpp.cpp; path = main.cpp; sourceTree = "<group>"; };
		0CBC50E22DCBE6BC0002FED7 /* libsimpleble.a */ = {isa = PBXFileReference; lastKnownFileType = archive.ar; name = libsimpleble.a; path = "../libsimpleble_macos-x64 (Simple BLE v0.9.1)/static/lib/libsimpleble.a"; sourceTree = "<group>"; };
		0CBC50E42DCBE6C60002FED7 /* Utils.h */ = {isa = PBXFileReference; lastKnownFileType = sourcecode.c.h; path = Utils.h; sourceTree = "<group>"; };
		0CBC50E52DCBE6C60002FED7 /* export.h */ = {isa = PBXFileReference; lastKnownFileType = sourcecode.c.h; path = export.h; sourceTree = "<group>"; };
		0CBC50E72DCBE6C60002FED7 /* kvn_bytearray.h */ = {isa = PBXFileReference; lastKnownFileType = sourcecode.c.h; path = kvn_bytearray.h; sourceTree = "<group>"; };
		0CBC50E82DCBE6C60002FED7 /* Config.h */ = {isa = PBXFileReference; lastKnownFileType = sourcecode.c.h; path = Config.h; sourceTree = "<group>"; };
		0CBC50E92DCBE6C60002FED7 /* Types.h */ = {isa = PBXFileReference; lastKnownFileType = sourcecode.c.h; path = Types.h; sourceTree = "<group>"; };
		0CBC50EA2DCBE6C60002FED7 /* Service.h */ = {isa = PBXFileReference; lastKnownFileType = sourcecode.c.h; path = Service.h; sourceTree = "<group>"; };
		0CBC50EB2DCBE6C60002FED7 /* Adapter.h */ = {isa = PBXFileReference; lastKnownFileType = sourcecode.c.h; path = Adapter.h; sourceTree = "<group>"; };
		0CBC50EC2DCBE6C60002FED7 /* Exceptions.h */ = {isa = PBXFileReference; lastKnownFileType = sourcecode.c.h; path = Exceptions.h; sourceTree = "<group>"; };
		0CBC50ED2DCBE6C60002FED7 /* Descriptor.h */ = {isa = PBXFileReference; lastKnownFileType = sourcecode.c.h; path = Descriptor.h; sourceTree = "<group>"; };
		0CBC50EE2DCBE6C60002FED7 /* Logging.h */ = {isa = PBXFileReference; lastKnownFileType = sourcecode.c.h; path = Logging.h; sourceTree = "<group>"; };
		0CBC50EF2DCBE6C60002FED7 /* AdapterSafe.h */ = {isa = PBXFileReference; lastKnownFileType = sourcecode.c.h; path = AdapterSafe.h; sourceTree = "<group>"; };
		0CBC50F02DCBE6C60002FED7 /* Characteristic.h */ = {isa = PBXFileReference; lastKnownFileType = sourcecode.c.h; path = Characteristic.h; sourceTree = "<group>"; };
		0CBC50F12DCBE6C60002FED7 /* PeripheralSafe.h */ = {isa = PBXFileReference; lastKnownFileType = sourcecode.c.h; path = PeripheralSafe.h; sourceTree = "<group>"; };
		0CBC50F22DCBE6C60002FED7 /* Peripheral.h */ = {isa = PBXFileReference; lastKnownFileType = sourcecode.c.h; path = Peripheral.h; sourceTree = "<group>"; };
		0CBC50F32DCBE6C60002FED7 /* SimpleBLE.h */ = {isa = PBXFileReference; lastKnownFileType = sourcecode.c.h; path = SimpleBLE.h; sourceTree = "<group>"; };
/* End PBXFileReference section */

/* Begin PBXFrameworksBuildPhase section */
		0CBC50D42DCBE58D0002FED7 /* Frameworks */ = {
			isa = PBXFrameworksBuildPhase;
			buildActionMask = 2147483647;
			files = (
			);
			runOnlyForDeploymentPostprocessing = 0;
		};
/* End PBXFrameworksBuildPhase section */

/* Begin PBXGroup section */
		0CBC50CE2DCBE58D0002FED7 = {
			isa = PBXGroup;
			children = (
				0CBC50D92DCBE58D0002FED7 /* BLE_tester */,
				0CBC50D82DCBE58D0002FED7 /* Products */,
				0CBC50E12DCBE6BC0002FED7 /* Frameworks */,
			);
			sourceTree = "<group>";
		};
		0CBC50D82DCBE58D0002FED7 /* Products */ = {
			isa = PBXGroup;
			children = (
				0CBC50D72DCBE58D0002FED7 /* BLE_tester */,
			);
			name = Products;
			sourceTree = "<group>";
		};
		0CBC50D92DCBE58D0002FED7 /* BLE_tester */ = {
			isa = PBXGroup;
			children = (
				0CBC50DA2DCBE58D0002FED7 /* main.cpp */,
			);
			path = BLE_tester;
			sourceTree = "<group>";
		};
		0CBC50E12DCBE6BC0002FED7 /* Frameworks */ = {
			isa = PBXGroup;
			children = (
				0CBC50E32DCBE6C60002FED7 /* simpleble */,
				0CBC50E22DCBE6BC0002FED7 /* libsimpleble.a */,
			);
			name = Frameworks;
			sourceTree = "<group>";
		};
		0CBC50E32DCBE6C60002FED7 /* simpleble */ = {
			isa = PBXGroup;
			children = (
				0CBC50E42DCBE6C60002FED7 /* Utils.h */,
				0CBC50E52DCBE6C60002FED7 /* export.h */,
				0CBC50E62DCBE6C60002FED7 /* kvn */,
				0CBC50E82DCBE6C60002FED7 /* Config.h */,
				0CBC50E92DCBE6C60002FED7 /* Types.h */,
				0CBC50EA2DCBE6C60002FED7 /* Service.h */,
				0CBC50EB2DCBE6C60002FED7 /* Adapter.h */,
				0CBC50EC2DCBE6C60002FED7 /* Exceptions.h */,
				0CBC50ED2DCBE6C60002FED7 /* Descriptor.h */,
				0CBC50EE2DCBE6C60002FED7 /* Logging.h */,
				0CBC50EF2DCBE6C60002FED7 /* AdapterSafe.h */,
				0CBC50F02DCBE6C60002FED7 /* Characteristic.h */,
				0CBC50F12DCBE6C60002FED7 /* PeripheralSafe.h */,
				0CBC50F22DCBE6C60002FED7 /* Peripheral.h */,
				0CBC50F32DCBE6C60002FED7 /* SimpleBLE.h */,
			);
			name = simpleble;
			path = "../libsimpleble_macos-x64 (Simple BLE v0.9.1)/static/include/simpleble";
			sourceTree = "<group>";
		};
		0CBC50E62DCBE6C60002FED7 /* kvn */ = {
			isa = PBXGroup;
			children = (
				0CBC50E72DCBE6C60002FED7 /* kvn_bytearray.h */,
			);
			path = kvn;
			sourceTree = "<group>";
		};
/* End PBXGroup section */

/* Begin PBXNativeTarget section */
		0CBC50D62DCBE58D0002FED7 /* BLE_tester */ = {
			isa = PBXNativeTarget;
			buildConfigurationList = 0CBC50DE2DCBE58D0002FED7 /* Build configuration list for PBXNativeTarget "BLE_tester" */;
			buildPhases = (
				0CBC50D32DCBE58D0002FED7 /* Sources */,
				0CBC50D42DCBE58D0002FED7 /* Frameworks */,
				0CBC50D52DCBE58D0002FED7 /* CopyFiles */,
			);
			buildRules = (
			);
			dependencies = (
			);
			name = BLE_tester;
			productName = BLE_tester;
			productReference = 0CBC50D72DCBE58D0002FED7 /* BLE_tester */;
			productType = "com.apple.product-type.tool";
		};
/* End PBXNativeTarget section */

/* Begin PBXProject section */
		0CBC50CF2DCBE58D0002FED7 /* Project object */ = {
			isa = PBXProject;
			attributes = {
				LastUpgradeCheck = 1170;
				ORGANIZATIONNAME = jjj;
				TargetAttributes = {
					0CBC50D62DCBE58D0002FED7 = {
						CreatedOnToolsVersion = 11.7;
					};
				};
			};
			buildConfigurationList = 0CBC50D22DCBE58D0002FED7 /* Build configuration list for PBXProject "BLE_tester" */;
			compatibilityVersion = "Xcode 9.3";
			developmentRegion = en;
			hasScannedForEncodings = 0;
			knownRegions = (
				en,
				Base,
			);
			mainGroup = 0CBC50CE2DCBE58D0002FED7;
			productRefGroup = 0CBC50D82DCBE58D0002FED7 /* Products */;
			projectDirPath = "";
			projectRoot = "";
			targets = (
				0CBC50D62DCBE58D0002FED7 /* BLE_tester */,
			);
		};
/* End PBXProject section */

/* Begin PBXSourcesBuildPhase section */
		0CBC50D32DCBE58D0002FED7 /* Sources */ = {
			isa = PBXSourcesBuildPhase;
			buildActionMask = 2147483647;
			files = (
				0CBC50DB2DCBE58D0002FED7 /* main.cpp in Sources */,
			);
			runOnlyForDeploymentPostprocessing = 0;
		};
/* End PBXSourcesBuildPhase section */

/* Begin XCBuildConfiguration section */
		0CBC50DC2DCBE58D0002FED7 /* Debug */ = {
			isa = XCBuildConfiguration;
			buildSettings = {
				ALWAYS_SEARCH_USER_PATHS = NO;
				CLANG_ANALYZER_NONNULL = YES;
				CLANG_ANALYZER_NUMBER_OBJECT_CONVERSION = YES_AGGRESSIVE;
				CLANG_CXX_LANGUAGE_STANDARD = "gnu++14";
				CLANG_CXX_LIBRARY = "libc++";
				CLANG_ENABLE_MODULES = YES;
				CLANG_ENABLE_OBJC_ARC = YES;
				CLANG_ENABLE_OBJC_WEAK = YES;
				CLANG_WARN_BLOCK_CAPTURE_AUTORELEASING = YES;
				CLANG_WARN_BOOL_CONVERSION = YES;
				CLANG_WARN_COMMA = YES;
				CLANG_WARN_CONSTANT_CONVERSION = YES;
				CLANG_WARN_DEPRECATED_OBJC_IMPLEMENTATIONS = YES;
				CLANG_WARN_DIRECT_OBJC_ISA_USAGE = YES_ERROR;
				CLANG_WARN_DOCUMENTATION_COMMENTS = YES;
				CLANG_WARN_EMPTY_BODY = YES;
				CLANG_WARN_ENUM_CONVERSION = YES;
				CLANG_WARN_INFINITE_RECURSION = YES;
				CLANG_WARN_INT_CONVERSION = YES;
				CLANG_WARN_NON_LITERAL_NULL_CONVERSION = YES;
				CLANG_WARN_OBJC_IMPLICIT_RETAIN_SELF = YES;
				CLANG_WARN_OBJC_LITERAL_CONVERSION = YES;
				CLANG_WARN_OBJC_ROOT_CLASS = YES_ERROR;
				CLANG_WARN_RANGE_LOOP_ANALYSIS = YES;
				CLANG_WARN_STRICT_PROTOTYPES = YES;
				CLANG_WARN_SUSPICIOUS_MOVE = YES;
				CLANG_WARN_UNGUARDED_AVAILABILITY = YES_AGGRESSIVE;
				CLANG_WARN_UNREACHABLE_CODE = YES;
				CLANG_WARN__DUPLICATE_METHOD_MATCH = YES;
				COPY_PHASE_STRIP = NO;
				DEBUG_INFORMATION_FORMAT = dwarf;
				ENABLE_STRICT_OBJC_MSGSEND = YES;
				ENABLE_TESTABILITY = YES;
				GCC_C_LANGUAGE_STANDARD = gnu11;
				GCC_DYNAMIC_NO_PIC = NO;
				GCC_NO_COMMON_BLOCKS = YES;
				GCC_OPTIMIZATION_LEVEL = 0;
				GCC_PREPROCESSOR_DEFINITIONS = (
					"DEBUG=1",
					"$(inherited)",
				);
				GCC_WARN_64_TO_32_BIT_CONVERSION = YES;
				GCC_WARN_ABOUT_RETURN_TYPE = YES_ERROR;
				GCC_WARN_UNDECLARED_SELECTOR = YES;
				GCC_WARN_UNINITIALIZED_AUTOS = YES_AGGRESSIVE;
				GCC_WARN_UNUSED_FUNCTION = YES;
				GCC_WARN_UNUSED_VARIABLE = YES;
				MACOSX_DEPLOYMENT_TARGET = 10.15;
				MTL_ENABLE_DEBUG_INFO = INCLUDE_SOURCE;
				MTL_FAST_MATH = YES;
				ONLY_ACTIVE_ARCH = YES;
				SDKROOT = macosx;
			};
			name = Debug;
		};
		0CBC50DD2DCBE58D0002FED7 /* Release */ = {
			isa = XCBuildConfiguration;
			buildSettings = {
				ALWAYS_SEARCH_USER_PATHS = NO;
				CLANG_ANALYZER_NONNULL = YES;
				CLANG_ANALYZER_NUMBER_OBJECT_CONVERSION = YES_AGGRESSIVE;
				CLANG_CXX_LANGUAGE_STANDARD = "gnu++14";
				CLANG_CXX_LIBRARY = "libc++";
				CLANG_ENABLE_MODULES = YES;
				CLANG_ENABLE_OBJC_ARC = YES;
				CLANG_ENABLE_OBJC_WEAK = YES;
				CLANG_WARN_BLOCK_CAPTURE_AUTORELEASING = YES;
				CLANG_WARN_BOOL_CONVERSION = YES;
				CLANG_WARN_COMMA = YES;
				CLANG_WARN_CONSTANT_CONVERSION = YES;
				CLANG_WARN_DEPRECATED_OBJC_IMPLEMENTATIONS = YES;
				CLANG_WARN_DIRECT_OBJC_ISA_USAGE = YES_ERROR;
				CLANG_WARN_DOCUMENTATION_COMMENTS = YES;
				CLANG_WARN_EMPTY_BODY = YES;
				CLANG_WARN_ENUM_CONVERSION = YES;
				CLANG_WARN_INFINITE_RECURSION = YES;
				CLANG_WARN_INT_CONVERSION = YES;
				CLANG_WARN_NON_LITERAL_NULL_CONVERSION = YES;
				CLANG_WARN_OBJC_IMPLICIT_RETAIN_SELF = YES;
				CLANG_WARN_OBJC_LITERAL_CONVERSION = YES;
				CLANG_WARN_OBJC_ROOT_CLASS = YES_ERROR;
				CLANG_WARN_RANGE_LOOP_ANALYSIS = YES;
				CLANG_WARN_STRICT_PROTOTYPES = YES;
				CLANG_WARN_SUSPICIOUS_MOVE = YES;
				CLANG_WARN_UNGUARDED_AVAILABILITY = YES_AGGRESSIVE;
				CLANG_WARN_UNREACHABLE_CODE = YES;
				CLANG_WARN__DUPLICATE_METHOD_MATCH = YES;
				COPY_PHASE_STRIP = NO;
				DEBUG_INFORMATION_FORMAT = "dwarf-with-dsym";
				ENABLE_NS_ASSERTIONS = NO;
				ENABLE_STRICT_OBJC_MSGSEND = YES;
				GCC_C_LANGUAGE_STANDARD = gnu11;
				GCC_NO_COMMON_BLOCKS = YES;
				GCC_WARN_64_TO_32_BIT_CONVERSION = YES;
				GCC_WARN_ABOUT_RETURN_TYPE = YES_ERROR;
				GCC_WARN_UNDECLARED_SELECTOR = YES;
				GCC_WARN_UNINITIALIZED_AUTOS = YES_AGGRESSIVE;
				GCC_WARN_UNUSED_FUNCTION = YES;
				GCC_WARN_UNUSED_VARIABLE = YES;
				MACOSX_DEPLOYMENT_TARGET = 10.15;
				MTL_ENABLE_DEBUG_INFO = NO;
				MTL_FAST_MATH = YES;
				SDKROOT = macosx;
			};
			name = Release;
		};
		0CBC50DF2DCBE58D0002FED7 /* Debug */ = {
			isa = XCBuildConfiguration;
			buildSettings = {
				CODE_SIGN_STYLE = Automatic;
				PRODUCT_NAME = "$(TARGET_NAME)";
			};
			name = Debug;
		};
		0CBC50E02DCBE58D0002FED7 /* Release */ = {
			isa = XCBuildConfiguration;
			buildSettings = {
				CODE_SIGN_STYLE = Automatic;
				PRODUCT_NAME = "$(TARGET_NAME)";
			};
			name = Release;
		};
/* End XCBuildConfiguration section */

/* Begin XCConfigurationList section */
		0CBC50D22DCBE58D0002FED7 /* Build configuration list for PBXProject "BLE_tester" */ = {
			isa = XCConfigurationList;
			buildConfigurations = (
				0CBC50DC2DCBE58D0002FED7 /* Debug */,
				0CBC50DD2DCBE58D0002FED7 /* Release */,
			);
			defaultConfigurationIsVisible = 0;
			defaultConfigurationName = Release;
		};
		0CBC50DE2DCBE58D0002FED7 /* Build configuration list for PBXNativeTarget "BLE_tester" */ = {
			isa = XCConfigurationList;
			buildConfigurations = (
				0CBC50DF2DCBE58D0002FED7 /* Debug */,
				0CBC50E02DCBE58D0002FED7 /* Release */,
			);
			defaultConfigurationIsVisible = 0;
			defaultConfigurationName = Release;
		};
/* End XCConfigurationList section */
	};
	rootObject = 0CBC50CF2DCBE58D0002FED7 /* Project object */;
}
